
Microsoft Visual Studio Solution File, Format Version 12.00
# Visual Studio Version 16
VisualStudioVersion = 16.0.30611.23
MinimumVisualStudioVersion = 10.0.40219.1
Project("{FAE04EC0-301F-11D3-BF4B-00C04F79EFBC}") = "TheGrid", "TheGrid\TheGrid.csproj", "{91A8E20D-F44A-4DC5-8EB6-52E3086B17CF}"
EndProject
Global
	GlobalSection(SolutionConfigurationPlatforms) = preSolution
		Debug|Any CPU = Debug|Any CPU
		Release|Any CPU = Release|Any CPU
	EndGlobalSection
	GlobalSection(ProjectConfigurationPlatforms) = postSolution
		{91A8E20D-F44A-4DC5-8EB6-52E3086B17CF}.Debug|Any CPU.ActiveCfg = Debug|Any CPU
		{91A8E20D-F44A-4DC5-8EB6-52E3086B17CF}.Debug|Any CPU.Build.0 = Debug|Any CPU
		{91A8E20D-F44A-4DC5-8EB6-52E3086B17CF}.Release|Any CPU.ActiveCfg = Release|Any CPU
		{91A8E20D-F44A-4DC5-8EB6-52E3086B17CF}.Release|Any CPU.Build.0 = Release|Any CPU
	EndGlobalSection
	GlobalSection(SolutionProperties) = preSolution
		HideSolutionNode = FALSE
	EndGlobalSection
	GlobalSection(ExtensibilityGlobals) = postSolution
		SolutionGuid = {E01A58EB-357E-4269-B811-9EDBE4C416C9}
	EndGlobalSection
EndGlobal
